
Microsoft Visual Studio Solution File, Format Version 12.00
# Visual Studio Version 16
VisualStudioVersion = 16.0.29926.136
MinimumVisualStudioVersion = 10.0.40219.1
Project("{FAE04EC0-301F-11D3-BF4B-00C04F79EFBC}") = "Snake", "Snake\Snake.csproj", "{C25C3E11-F2B7-4C09-85D7-8FD23513D42C}"
EndProject
Global
	GlobalSection(SolutionConfigurationPlatforms) = preSolution
		Debug|Any CPU = Debug|Any CPU
		Release|Any CPU = Release|Any CPU
	EndGlobalSection
	GlobalSection(ProjectConfigurationPlatforms) = postSolution
		{C25C3E11-F2B7-4C09-85D7-8FD23513D42C}.Debug|Any CPU.ActiveCfg = Debug|Any CPU
		{C25C3E11-F2B7-4C09-85D7-8FD23513D42C}.Debug|Any CPU.Build.0 = Debug|Any CPU
		{C25C3E11-F2B7-4C09-85D7-8FD23513D42C}.Release|Any CPU.ActiveCfg = Release|Any CPU
		{C25C3E11-F2B7-4C09-85D7-8FD23513D42C}.Release|Any CPU.Build.0 = Release|Any CPU
	EndGlobalSection
	GlobalSection(SolutionProperties) = preSolution
		HideSolutionNode = FALSE
	EndGlobalSection
	GlobalSection(ExtensibilityGlobals) = postSolution
		SolutionGuid = {990AB4DC-C1FD-475C-9636-645D578AA790}
	EndGlobalSection
EndGlobal
